// !$*UTF8*$!
{
	archiveVersion = 1;
	classes = {
	};
	objectVersion = 48;
	objects = {

/* Begin PBXBuildFile section */
		7B04E9CC209028A7002728B9 /* animals.mlmodel in Sources */ = {isa = PBXBuildFile; fileRef = 7B04E9CB209028A7002728B9 /* animals.mlmodel */; };
		7B72B87820900B2D0096C5C9 /* AppDelegate.swift in Sources */ = {isa = PBXBuildFile; fileRef = 7B72B87720900B2D0096C5C9 /* AppDelegate.swift */; };
		7B72B87A20900B2D0096C5C9 /* ViewController.swift in Sources */ = {isa = PBXBuildFile; fileRef = 7B72B87920900B2D0096C5C9 /* ViewController.swift */; };
		7B72B87D20900B2D0096C5C9 /* Main.storyboard in Resources */ = {isa = PBXBuildFile; fileRef = 7B72B87B20900B2D0096C5C9 /* Main.storyboard */; };
		7B72B87F20900B2D0096C5C9 /* Assets.xcassets in Resources */ = {isa = PBXBuildFile; fileRef = 7B72B87E20900B2D0096C5C9 /* Assets.xcassets */; };
		7B72B88220900B2D0096C5C9 /* LaunchScreen.storyboard in Resources */ = {isa = PBXBuildFile; fileRef = 7B72B88020900B2D0096C5C9 /* LaunchScreen.storyboard */; };
		7BA82B8620902A2C00B6E51C /* Info.plist in Resources */ = {isa = PBXBuildFile; fileRef = 7BA82B8520902A2C00B6E51C /* Info.plist */; };
/* End PBXBuildFile section */

/* Begin PBXFileReference section */
		7B04E9CB209028A7002728B9 /* animals.mlmodel */ = {isa = PBXFileReference; lastKnownFileType = file.mlmodel; name = animals.mlmodel; path = ../../animals.mlmodel; sourceTree = "<group>"; };
		7B72B87420900B2D0096C5C9 /* Animal Categories.app */ = {isa = PBXFileReference; explicitFileType = wrapper.application; includeInIndex = 0; path = "Animal Categories.app"; sourceTree = BUILT_PRODUCTS_DIR; };
		7B72B87720900B2D0096C5C9 /* AppDelegate.swift */ = {isa = PBXFileReference; lastKnownFileType = sourcecode.swift; path = AppDelegate.swift; sourceTree = "<group>"; };
		7B72B87920900B2D0096C5C9 /* ViewController.swift */ = {isa = PBXFileReference; lastKnownFileType = sourcecode.swift; path = ViewController.swift; sourceTree = "<group>"; };
		7B72B87C20900B2D0096C5C9 /* Base */ = {isa = PBXFileReference; lastKnownFileType = file.storyboard; name = Base; path = Base.lproj/Main.storyboard; sourceTree = "<group>"; };
		7B72B87E20900B2D0096C5C9 /* Assets.xcassets */ = {isa = PBXFileReference; lastKnownFileType = folder.assetcatalog; path = Assets.xcassets; sourceTree = "<group>"; };
		7B72B88120900B2D0096C5C9 /* Base */ = {isa = PBXFileReference; lastKnownFileType = file.storyboard; name = Base; path = Base.lproj/LaunchScreen.storyboard; sourceTree = "<group>"; };
		7BA82B8520902A2C00B6E51C /* Info.plist */ = {isa = PBXFileReference; fileEncoding = 4; lastKnownFileType = text.plist.xml; path = Info.plist; sourceTree = "<group>"; };
/* End PBXFileReference section */

/* Begin PBXFrameworksBuildPhase section */
		7B72B87120900B2D0096C5C9 /* Frameworks */ = {
			isa = PBXFrameworksBuildPhase;
			buildActionMask = 2147483647;
			files = (
			);
			runOnlyForDeploymentPostprocessing = 0;
		};
/* End PBXFrameworksBuildPhase section */

/* Begin PBXGroup section */
		7B72B86B20900B2D0096C5C9 = {
			isa = PBXGroup;
			children = (
				7B72B87620900B2D0096C5C9 /* Animal Categories */,
				7B72B87520900B2D0096C5C9 /* Products */,
			);
			sourceTree = "<group>";
		};
		7B72B87520900B2D0096C5C9 /* Products */ = {
			isa = PBXGroup;
			children = (
				7B72B87420900B2D0096C5C9 /* Animal Categories.app */,
			);
			name = Products;
			sourceTree = "<group>";
		};
		7B72B87620900B2D0096C5C9 /* Animal Categories */ = {
			isa = PBXGroup;
			children = (
				7B72B87720900B2D0096C5C9 /* AppDelegate.swift */,
				7B04E9CB209028A7002728B9 /* animals.mlmodel */,
				7B72B87920900B2D0096C5C9 /* ViewController.swift */,
				7B72B87B20900B2D0096C5C9 /* Main.storyboard */,
				7B72B87E20900B2D0096C5C9 /* Assets.xcassets */,
				7B72B88020900B2D0096C5C9 /* LaunchScreen.storyboard */,
				7BA82B8520902A2C00B6E51C /* Info.plist */,
			);
			path = "Animal Categories";
			sourceTree = "<group>";
		};
/* End PBXGroup section */

/* Begin PBXNativeTarget section */
		7B72B87320900B2D0096C5C9 /* Animal Categories */ = {
			isa = PBXNativeTarget;
			buildConfigurationList = 7B72B88620900B2D0096C5C9 /* Build configuration list for PBXNativeTarget "Animal Categories" */;
			buildPhases = (
				7B72B87020900B2D0096C5C9 /* Sources */,
				7B72B87120900B2D0096C5C9 /* Frameworks */,
				7B72B87220900B2D0096C5C9 /* Resources */,
			);
			buildRules = (
			);
			dependencies = (
			);
			name = "Animal Categories";
			productName = "NMIST Recommendations";
			productReference = 7B72B87420900B2D0096C5C9 /* Animal Categories.app */;
			productType = "com.apple.product-type.application";
		};
/* End PBXNativeTarget section */

/* Begin PBXProject section */
		7B72B86C20900B2D0096C5C9 /* Project object */ = {
			isa = PBXProject;
			attributes = {
				LastSwiftUpdateCheck = 0920;
				LastUpgradeCheck = 0920;
				ORGANIZATIONNAME = "Jordan Stapinski";
				TargetAttributes = {
					7B72B87320900B2D0096C5C9 = {
						CreatedOnToolsVersion = 9.2;
						ProvisioningStyle = Automatic;
					};
				};
			};
			buildConfigurationList = 7B72B86F20900B2D0096C5C9 /* Build configuration list for PBXProject "Animal Categories" */;
			compatibilityVersion = "Xcode 8.0";
			developmentRegion = en;
			hasScannedForEncodings = 0;
			knownRegions = (
				en,
				Base,
			);
			mainGroup = 7B72B86B20900B2D0096C5C9;
			productRefGroup = 7B72B87520900B2D0096C5C9 /* Products */;
			projectDirPath = "";
			projectRoot = "";
			targets = (
				7B72B87320900B2D0096C5C9 /* Animal Categories */,
			);
		};
/* End PBXProject section */

/* Begin PBXResourcesBuildPhase section */
		7B72B87220900B2D0096C5C9 /* Resources */ = {
			isa = PBXResourcesBuildPhase;
			buildActionMask = 2147483647;
			files = (
				7BA82B8620902A2C00B6E51C /* Info.plist in Resources */,
				7B72B88220900B2D0096C5C9 /* LaunchScreen.storyboard in Resources */,
				7B72B87F20900B2D0096C5C9 /* Assets.xcassets in Resources */,
				7B72B87D20900B2D0096C5C9 /* Main.storyboard in Resources */,
			);
			runOnlyForDeploymentPostprocessing = 0;
		};
/* End PBXResourcesBuildPhase section */

/* Begin PBXSourcesBuildPhase section */
		7B72B87020900B2D0096C5C9 /* Sources */ = {
			isa = PBXSourcesBuildPhase;
			buildActionMask = 2147483647;
			files = (
				7B04E9CC209028A7002728B9 /* animals.mlmodel in Sources */,
				7B72B87A20900B2D0096C5C9 /* ViewController.swift in Sources */,
				7B72B87820900B2D0096C5C9 /* AppDelegate.swift in Sources */,
			);
			runOnlyForDeploymentPostprocessing = 0;
		};
/* End PBXSourcesBuildPhase section */

/* Begin PBXVariantGroup section */
		7B72B87B20900B2D0096C5C9 /* Main.storyboard */ = {
			isa = PBXVariantGroup;
			children = (
				7B72B87C20900B2D0096C5C9 /* Base */,
			);
			name = Main.storyboard;
			sourceTree = "<group>";
		};
		7B72B88020900B2D0096C5C9 /* LaunchScreen.storyboard */ = {
			isa = PBXVariantGroup;
			children = (
				7B72B88120900B2D0096C5C9 /* Base */,
			);
			name = LaunchScreen.storyboard;
			sourceTree = "<group>";
		};
/* End PBXVariantGroup section */

/* Begin XCBuildConfiguration section */
		7B72B88420900B2D0096C5C9 /* Debug */ = {
			isa = XCBuildConfiguration;
			buildSettings = {
				ALWAYS_SEARCH_USER_PATHS = NO;
				CLANG_ANALYZER_NONNULL = YES;
				CLANG_ANALYZER_NUMBER_OBJECT_CONVERSION = YES_AGGRESSIVE;
				CLANG_CXX_LANGUAGE_STANDARD = "gnu++14";
				CLANG_CXX_LIBRARY = "libc++";
				CLANG_ENABLE_MODULES = YES;
				CLANG_ENABLE_OBJC_ARC = YES;
				CLANG_WARN_BLOCK_CAPTURE_AUTORELEASING = YES;
				CLANG_WARN_BOOL_CONVERSION = YES;
				CLANG_WARN_COMMA = YES;
				CLANG_WARN_CONSTANT_CONVERSION = YES;
				CLANG_WARN_DIRECT_OBJC_ISA_USAGE = YES_ERROR;
				CLANG_WARN_DOCUMENTATION_COMMENTS = YES;
				CLANG_WARN_EMPTY_BODY = YES;
				CLANG_WARN_ENUM_CONVERSION = YES;
				CLANG_WARN_INFINITE_RECURSION = YES;
				CLANG_WARN_INT_CONVERSION = YES;
				CLANG_WARN_NON_LITERAL_NULL_CONVERSION = YES;
				CLANG_WARN_OBJC_LITERAL_CONVERSION = YES;
				CLANG_WARN_OBJC_ROOT_CLASS = YES_ERROR;
				CLANG_WARN_RANGE_LOOP_ANALYSIS = YES;
				CLANG_WARN_STRICT_PROTOTYPES = YES;
				CLANG_WARN_SUSPICIOUS_MOVE = YES;
				CLANG_WARN_UNGUARDED_AVAILABILITY = YES_AGGRESSIVE;
				CLANG_WARN_UNREACHABLE_CODE = YES;
				CLANG_WARN__DUPLICATE_METHOD_MATCH = YES;
				CODE_SIGN_IDENTITY = "iPhone Developer";
				COPY_PHASE_STRIP = NO;
				DEBUG_INFORMATION_FORMAT = dwarf;
				ENABLE_STRICT_OBJC_MSGSEND = YES;
				ENABLE_TESTABILITY = YES;
				GCC_C_LANGUAGE_STANDARD = gnu11;
				GCC_DYNAMIC_NO_PIC = NO;
				GCC_NO_COMMON_BLOCKS = YES;
				GCC_OPTIMIZATION_LEVEL = 0;
				GCC_PREPROCESSOR_DEFINITIONS = (
					"DEBUG=1",
					"$(inherited)",
				);
				GCC_WARN_64_TO_32_BIT_CONVERSION = YES;
				GCC_WARN_ABOUT_RETURN_TYPE = YES_ERROR;
				GCC_WARN_UNDECLARED_SELECTOR = YES;
				GCC_WARN_UNINITIALIZED_AUTOS = YES_AGGRESSIVE;
				GCC_WARN_UNUSED_FUNCTION = YES;
				GCC_WARN_UNUSED_VARIABLE = YES;
				IPHONEOS_DEPLOYMENT_TARGET = 11.2;
				MTL_ENABLE_DEBUG_INFO = YES;
				ONLY_ACTIVE_ARCH = YES;
				SDKROOT = iphoneos;
				SWIFT_ACTIVE_COMPILATION_CONDITIONS = DEBUG;
				SWIFT_OPTIMIZATION_LEVEL = "-Onone";
			};
			name = Debug;
		};
		7B72B88520900B2D0096C5C9 /* Release */ = {
			isa = XCBuildConfiguration;
			buildSettings = {
				ALWAYS_SEARCH_USER_PATHS = NO;
				CLANG_ANALYZER_NONNULL = YES;
				CLANG_ANALYZER_NUMBER_OBJECT_CONVERSION = YES_AGGRESSIVE;
				CLANG_CXX_LANGUAGE_STANDARD = "gnu++14";
				CLANG_CXX_LIBRARY = "libc++";
				CLANG_ENABLE_MODULES = YES;
				CLANG_ENABLE_OBJC_ARC = YES;
				CLANG_WARN_BLOCK_CAPTURE_AUTORELEASING = YES;
				CLANG_WARN_BOOL_CONVERSION = YES;
				CLANG_WARN_COMMA = YES;
				CLANG_WARN_CONSTANT_CONVERSION = YES;
				CLANG_WARN_DIRECT_OBJC_ISA_USAGE = YES_ERROR;
				CLANG_WARN_DOCUMENTATION_COMMENTS = YES;
				CLANG_WARN_EMPTY_BODY = YES;
				CLANG_WARN_ENUM_CONVERSION = YES;
				CLANG_WARN_INFINITE_RECURSION = YES;
				CLANG_WARN_INT_CONVERSION = YES;
				CLANG_WARN_NON_LITERAL_NULL_CONVERSION = YES;
				CLANG_WARN_OBJC_LITERAL_CONVERSION = YES;
				CLANG_WARN_OBJC_ROOT_CLASS = YES_ERROR;
				CLANG_WARN_RANGE_LOOP_ANALYSIS = YES;
				CLANG_WARN_STRICT_PROTOTYPES = YES;
				CLANG_WARN_SUSPICIOUS_MOVE = YES;
				CLANG_WARN_UNGUARDED_AVAILABILITY = YES_AGGRESSIVE;
				CLANG_WARN_UNREACHABLE_CODE = YES;
				CLANG_WARN__DUPLICATE_METHOD_MATCH = YES;
				CODE_SIGN_IDENTITY = "iPhone Developer";
				COPY_PHASE_STRIP = NO;
				DEBUG_INFORMATION_FORMAT = "dwarf-with-dsym";
				ENABLE_NS_ASSERTIONS = NO;
				ENABLE_STRICT_OBJC_MSGSEND = YES;
				GCC_C_LANGUAGE_STANDARD = gnu11;
				GCC_NO_COMMON_BLOCKS = YES;
				GCC_WARN_64_TO_32_BIT_CONVERSION = YES;
				GCC_WARN_ABOUT_RETURN_TYPE = YES_ERROR;
				GCC_WARN_UNDECLARED_SELECTOR = YES;
				GCC_WARN_UNINITIALIZED_AUTOS = YES_AGGRESSIVE;
				GCC_WARN_UNUSED_FUNCTION = YES;
				GCC_WARN_UNUSED_VARIABLE = YES;
				IPHONEOS_DEPLOYMENT_TARGET = 11.2;
				MTL_ENABLE_DEBUG_INFO = NO;
				SDKROOT = iphoneos;
				SWIFT_OPTIMIZATION_LEVEL = "-Owholemodule";
				VALIDATE_PRODUCT = YES;
			};
			name = Release;
		};
		7B72B88720900B2D0096C5C9 /* Debug */ = {
			isa = XCBuildConfiguration;
			buildSettings = {
				ASSETCATALOG_COMPILER_APPICON_NAME = AppIcon;
				CODE_SIGN_STYLE = Automatic;
				DEVELOPMENT_TEAM = 5WF6BNBUAU;
				INFOPLIST_FILE = "$(SRCROOT)/Animal Categories/Info.plist";
				LD_RUNPATH_SEARCH_PATHS = "$(inherited) @executable_path/Frameworks";
				PRODUCT_BUNDLE_IDENTIFIER = "Jordan-Stapinski.Animal-Categories";
				PRODUCT_NAME = "$(TARGET_NAME)";
				SWIFT_VERSION = 4.0;
				TARGETED_DEVICE_FAMILY = "1,2";
			};
			name = Debug;
		};
		7B72B88820900B2D0096C5C9 /* Release */ = {
			isa = XCBuildConfiguration;
			buildSettings = {
				ASSETCATALOG_COMPILER_APPICON_NAME = AppIcon;
				CODE_SIGN_STYLE = Automatic;
				DEVELOPMENT_TEAM = 5WF6BNBUAU;
				INFOPLIST_FILE = "$(SRCROOT)/Animal Categories/Info.plist";
				LD_RUNPATH_SEARCH_PATHS = "$(inherited) @executable_path/Frameworks";
				PRODUCT_BUNDLE_IDENTIFIER = "Jordan-Stapinski.Animal-Categories";
				PRODUCT_NAME = "$(TARGET_NAME)";
				SWIFT_VERSION = 4.0;
				TARGETED_DEVICE_FAMILY = "1,2";
			};
			name = Release;
		};
/* End XCBuildConfiguration section */

/* Begin XCConfigurationList section */
		7B72B86F20900B2D0096C5C9 /* Build configuration list for PBXProject "Animal Categories" */ = {
			isa = XCConfigurationList;
			buildConfigurations = (
				7B72B88420900B2D0096C5C9 /* Debug */,
				7B72B88520900B2D0096C5C9 /* Release */,
			);
			defaultConfigurationIsVisible = 0;
			defaultConfigurationName = Release;
		};
		7B72B88620900B2D0096C5C9 /* Build configuration list for PBXNativeTarget "Animal Categories" */ = {
			isa = XCConfigurationList;
			buildConfigurations = (
				7B72B88720900B2D0096C5C9 /* Debug */,
				7B72B88820900B2D0096C5C9 /* Release */,
			);
			defaultConfigurationIsVisible = 0;
			defaultConfigurationName = Release;
		};
/* End XCConfigurationList section */
	};
	rootObject = 7B72B86C20900B2D0096C5C9 /* Project object */;
}
